
Microsoft Visual Studio Solution File, Format Version 12.00
# Visual Studio 15
Project("{FAE04EC0-301F-11D3-BF4B-00C04F79EFBC}") = "Assembly-CSharp", "Assembly-CSharp.csproj", "{138633D7-CE6E-C26E-3C23-5C20AC66AF5D}"
EndProject
Project("{FAE04EC0-301F-11D3-BF4B-00C04F79EFBC}") = "Assembly-CSharp-Editor", "Assembly-CSharp-Editor.csproj", "{60CE4655-9883-AFF1-6F3C-0C2943C40B4D}"
EndProject
Project("{FAE04EC0-301F-11D3-BF4B-00C04F79EFBC}") = "Unity.RenderPipelines.Universal.Config.Runtime", "Unity.RenderPipelines.Universal.Config.Runtime.csproj", "{EB7F904E-A612-7357-3B14-94328D7E6E23}"
EndProject
Project("{FAE04EC0-301F-11D3-BF4B-00C04F79EFBC}") = "Unity.RenderPipelines.Universal.Config.Editor.Tests", "Unity.RenderPipelines.Universal.Config.Editor.Tests.csproj", "{D2D5D0C8-350B-AAD3-304A-8CF6B06609E4}"
EndProject
Global
	GlobalSection(SolutionConfigurationPlatforms) = preSolution
		Debug|Any CPU = Debug|Any CPU
		Release|Any CPU = Release|Any CPU
	EndGlobalSection
	GlobalSection(ProjectConfigurationPlatforms) = postSolution
		{138633D7-CE6E-C26E-3C23-5C20AC66AF5D}.Debug|Any CPU.ActiveCfg = Debug|Any CPU
		{138633D7-CE6E-C26E-3C23-5C20AC66AF5D}.Debug|Any CPU.Build.0 = Debug|Any CPU
		{138633D7-CE6E-C26E-3C23-5C20AC66AF5D}.Release|Any CPU.ActiveCfg = Release|Any CPU
		{138633D7-CE6E-C26E-3C23-5C20AC66AF5D}.Release|Any CPU.Build.0 = Release|Any CPU
		{60CE4655-9883-AFF1-6F3C-0C2943C40B4D}.Debug|Any CPU.ActiveCfg = Debug|Any CPU
		{60CE4655-9883-AFF1-6F3C-0C2943C40B4D}.Debug|Any CPU.Build.0 = Debug|Any CPU
		{60CE4655-9883-AFF1-6F3C-0C2943C40B4D}.Release|Any CPU.ActiveCfg = Release|Any CPU
		{60CE4655-9883-AFF1-6F3C-0C2943C40B4D}.Release|Any CPU.Build.0 = Release|Any CPU
		{EB7F904E-A612-7357-3B14-94328D7E6E23}.Debug|Any CPU.ActiveCfg = Debug|Any CPU
		{EB7F904E-A612-7357-3B14-94328D7E6E23}.Debug|Any CPU.Build.0 = Debug|Any CPU
		{EB7F904E-A612-7357-3B14-94328D7E6E23}.Release|Any CPU.ActiveCfg = Release|Any CPU
		{EB7F904E-A612-7357-3B14-94328D7E6E23}.Release|Any CPU.Build.0 = Release|Any CPU
		{D2D5D0C8-350B-AAD3-304A-8CF6B06609E4}.Debug|Any CPU.ActiveCfg = Debug|Any CPU
		{D2D5D0C8-350B-AAD3-304A-8CF6B06609E4}.Debug|Any CPU.Build.0 = Debug|Any CPU
		{D2D5D0C8-350B-AAD3-304A-8CF6B06609E4}.Release|Any CPU.ActiveCfg = Release|Any CPU
		{D2D5D0C8-350B-AAD3-304A-8CF6B06609E4}.Release|Any CPU.Build.0 = Release|Any CPU
	EndGlobalSection
	GlobalSection(SolutionProperties) = preSolution
		HideSolutionNode = FALSE
	EndGlobalSection
EndGlobal
