
Microsoft Visual Studio Solution File, Format Version 12.00
# Visual Studio 15
Project("{FAE04EC0-301F-11D3-BF4B-00C04F79EFBC}") = "Assembly-CSharp", "Assembly-CSharp.csproj", "{CDF1218E-4F70-06D5-99C8-6984A4DD4A85}"
EndProject
Project("{FAE04EC0-301F-11D3-BF4B-00C04F79EFBC}") = "Assembly-CSharp-Editor", "Assembly-CSharp-Editor.csproj", "{4FF8442E-24E1-BF27-9942-60FFB8A243D1}"
EndProject
Project("{FAE04EC0-301F-11D3-BF4B-00C04F79EFBC}") = "VFXGraph.OutputEventHandlers", "VFXGraph.OutputEventHandlers.csproj", "{4E8E7BCE-EACE-7F48-D0BC-8BB7D57D2EC0}"
EndProject
Project("{FAE04EC0-301F-11D3-BF4B-00C04F79EFBC}") = "Unity.XR.Interaction.Toolkit.Samples.StarterAssets", "Unity.XR.Interaction.Toolkit.Samples.StarterAssets.csproj", "{689E8F48-85CF-7B09-44D5-AF332FC95194}"
EndProject
Project("{FAE04EC0-301F-11D3-BF4B-00C04F79EFBC}") = "VFXGraph.OutputEventHandlers.Editor", "VFXGraph.OutputEventHandlers.Editor.csproj", "{C15C1892-9AB0-45DA-5E2E-8324921B9AAE}"
EndProject
Project("{FAE04EC0-301F-11D3-BF4B-00C04F79EFBC}") = "Unity.RenderPipelines.Universal.Config.Editor.Tests", "Unity.RenderPipelines.Universal.Config.Editor.Tests.csproj", "{1B2C8D83-E1F2-B409-D44D-8A56620B266F}"
EndProject
Project("{FAE04EC0-301F-11D3-BF4B-00C04F79EFBC}") = "Unity.RenderPipelines.Universal.Config.Runtime", "Unity.RenderPipelines.Universal.Config.Runtime.csproj", "{A9F72339-E78E-2506-F993-27049A1509CE}"
EndProject
Project("{FAE04EC0-301F-11D3-BF4B-00C04F79EFBC}") = "Unity.XR.Interaction.Toolkit.Samples.StarterAssets.Editor", "Unity.XR.Interaction.Toolkit.Samples.StarterAssets.Editor.csproj", "{0A5232BB-A511-72F5-D924-6E0275DD1C47}"
EndProject
Global
	GlobalSection(SolutionConfigurationPlatforms) = preSolution
		Debug|Any CPU = Debug|Any CPU
		Release|Any CPU = Release|Any CPU
	EndGlobalSection
	GlobalSection(ProjectConfigurationPlatforms) = postSolution
		{CDF1218E-4F70-06D5-99C8-6984A4DD4A85}.Debug|Any CPU.ActiveCfg = Debug|Any CPU
		{CDF1218E-4F70-06D5-99C8-6984A4DD4A85}.Debug|Any CPU.Build.0 = Debug|Any CPU
		{CDF1218E-4F70-06D5-99C8-6984A4DD4A85}.Release|Any CPU.ActiveCfg = Release|Any CPU
		{CDF1218E-4F70-06D5-99C8-6984A4DD4A85}.Release|Any CPU.Build.0 = Release|Any CPU
		{4FF8442E-24E1-BF27-9942-60FFB8A243D1}.Debug|Any CPU.ActiveCfg = Debug|Any CPU
		{4FF8442E-24E1-BF27-9942-60FFB8A243D1}.Debug|Any CPU.Build.0 = Debug|Any CPU
		{4FF8442E-24E1-BF27-9942-60FFB8A243D1}.Release|Any CPU.ActiveCfg = Release|Any CPU
		{4FF8442E-24E1-BF27-9942-60FFB8A243D1}.Release|Any CPU.Build.0 = Release|Any CPU
		{4E8E7BCE-EACE-7F48-D0BC-8BB7D57D2EC0}.Debug|Any CPU.ActiveCfg = Debug|Any CPU
		{4E8E7BCE-EACE-7F48-D0BC-8BB7D57D2EC0}.Debug|Any CPU.Build.0 = Debug|Any CPU
		{4E8E7BCE-EACE-7F48-D0BC-8BB7D57D2EC0}.Release|Any CPU.ActiveCfg = Release|Any CPU
		{4E8E7BCE-EACE-7F48-D0BC-8BB7D57D2EC0}.Release|Any CPU.Build.0 = Release|Any CPU
		{689E8F48-85CF-7B09-44D5-AF332FC95194}.Debug|Any CPU.ActiveCfg = Debug|Any CPU
		{689E8F48-85CF-7B09-44D5-AF332FC95194}.Debug|Any CPU.Build.0 = Debug|Any CPU
		{689E8F48-85CF-7B09-44D5-AF332FC95194}.Release|Any CPU.ActiveCfg = Release|Any CPU
		{689E8F48-85CF-7B09-44D5-AF332FC95194}.Release|Any CPU.Build.0 = Release|Any CPU
		{C15C1892-9AB0-45DA-5E2E-8324921B9AAE}.Debug|Any CPU.ActiveCfg = Debug|Any CPU
		{C15C1892-9AB0-45DA-5E2E-8324921B9AAE}.Debug|Any CPU.Build.0 = Debug|Any CPU
		{C15C1892-9AB0-45DA-5E2E-8324921B9AAE}.Release|Any CPU.ActiveCfg = Release|Any CPU
		{C15C1892-9AB0-45DA-5E2E-8324921B9AAE}.Release|Any CPU.Build.0 = Release|Any CPU
		{1B2C8D83-E1F2-B409-D44D-8A56620B266F}.Debug|Any CPU.ActiveCfg = Debug|Any CPU
		{1B2C8D83-E1F2-B409-D44D-8A56620B266F}.Debug|Any CPU.Build.0 = Debug|Any CPU
		{1B2C8D83-E1F2-B409-D44D-8A56620B266F}.Release|Any CPU.ActiveCfg = Release|Any CPU
		{1B2C8D83-E1F2-B409-D44D-8A56620B266F}.Release|Any CPU.Build.0 = Release|Any CPU
		{A9F72339-E78E-2506-F993-27049A1509CE}.Debug|Any CPU.ActiveCfg = Debug|Any CPU
		{A9F72339-E78E-2506-F993-27049A1509CE}.Debug|Any CPU.Build.0 = Debug|Any CPU
		{A9F72339-E78E-2506-F993-27049A1509CE}.Release|Any CPU.ActiveCfg = Release|Any CPU
		{A9F72339-E78E-2506-F993-27049A1509CE}.Release|Any CPU.Build.0 = Release|Any CPU
		{0A5232BB-A511-72F5-D924-6E0275DD1C47}.Debug|Any CPU.ActiveCfg = Debug|Any CPU
		{0A5232BB-A511-72F5-D924-6E0275DD1C47}.Debug|Any CPU.Build.0 = Debug|Any CPU
		{0A5232BB-A511-72F5-D924-6E0275DD1C47}.Release|Any CPU.ActiveCfg = Release|Any CPU
		{0A5232BB-A511-72F5-D924-6E0275DD1C47}.Release|Any CPU.Build.0 = Release|Any CPU
	EndGlobalSection
	GlobalSection(SolutionProperties) = preSolution
		HideSolutionNode = FALSE
	EndGlobalSection
EndGlobal
